// !$*UTF8*$!
{
	archiveVersion = 1;
	classes = {
	};
	objectVersion = 50;
	objects = {

/* Begin PBXBuildFile section */
		022838D623699B9B002A1165 /* AppDelegate.swift in Sources */ = {isa = PBXBuildFile; fileRef = 022838D523699B9B002A1165 /* AppDelegate.swift */; };
		022838D823699B9B002A1165 /* ViewController.swift in Sources */ = {isa = PBXBuildFile; fileRef = 022838D723699B9B002A1165 /* ViewController.swift */; };
		022838DD23699B9D002A1165 /* Assets.xcassets in Resources */ = {isa = PBXBuildFile; fileRef = 022838DC23699B9D002A1165 /* Assets.xcassets */; };
		022838E023699B9D002A1165 /* LaunchScreen.storyboard in Resources */ = {isa = PBXBuildFile; fileRef = 022838DE23699B9D002A1165 /* LaunchScreen.storyboard */; };
		022838EB2369C326002A1165 /* ISSDeskCell.swift in Sources */ = {isa = PBXBuildFile; fileRef = 022838EA2369C326002A1165 /* ISSDeskCell.swift */; };
		0240E304236EBD3700C9E264 /* Model.swift in Sources */ = {isa = PBXBuildFile; fileRef = 0240E303236EBD3700C9E264 /* Model.swift */; };
		0240E306236F07B500C9E264 /* DragCoordinator.swift in Sources */ = {isa = PBXBuildFile; fileRef = 0240E305236F07B500C9E264 /* DragCoordinator.swift */; };
		0240E30A236F228500C9E264 /* AddTaskView.swift in Sources */ = {isa = PBXBuildFile; fileRef = 0240E309236F228500C9E264 /* AddTaskView.swift */; };
		02CE0986236C409B00580D72 /* ISSAnotherCollectionViewCell.swift in Sources */ = {isa = PBXBuildFile; fileRef = 02CE0985236C409B00580D72 /* ISSAnotherCollectionViewCell.swift */; };
/* End PBXBuildFile section */

/* Begin PBXFileReference section */
		022838D223699B9B002A1165 /* Homework7_Trello.app */ = {isa = PBXFileReference; explicitFileType = wrapper.application; includeInIndex = 0; path = Homework7_Trello.app; sourceTree = BUILT_PRODUCTS_DIR; };
		022838D523699B9B002A1165 /* AppDelegate.swift */ = {isa = PBXFileReference; lastKnownFileType = sourcecode.swift; path = AppDelegate.swift; sourceTree = "<group>"; };
		022838D723699B9B002A1165 /* ViewController.swift */ = {isa = PBXFileReference; lastKnownFileType = sourcecode.swift; path = ViewController.swift; sourceTree = "<group>"; };
		022838DC23699B9D002A1165 /* Assets.xcassets */ = {isa = PBXFileReference; lastKnownFileType = folder.assetcatalog; path = Assets.xcassets; sourceTree = "<group>"; };
		022838DF23699B9D002A1165 /* Base */ = {isa = PBXFileReference; lastKnownFileType = file.storyboard; name = Base; path = Base.lproj/LaunchScreen.storyboard; sourceTree = "<group>"; };
		022838E123699B9D002A1165 /* Info.plist */ = {isa = PBXFileReference; lastKnownFileType = text.plist.xml; path = Info.plist; sourceTree = "<group>"; };
		022838EA2369C326002A1165 /* ISSDeskCell.swift */ = {isa = PBXFileReference; lastKnownFileType = sourcecode.swift; path = ISSDeskCell.swift; sourceTree = "<group>"; };
		0240E303236EBD3700C9E264 /* Model.swift */ = {isa = PBXFileReference; lastKnownFileType = sourcecode.swift; path = Model.swift; sourceTree = "<group>"; };
		0240E305236F07B500C9E264 /* DragCoordinator.swift */ = {isa = PBXFileReference; lastKnownFileType = sourcecode.swift; path = DragCoordinator.swift; sourceTree = "<group>"; };
		0240E309236F228500C9E264 /* AddTaskView.swift */ = {isa = PBXFileReference; lastKnownFileType = sourcecode.swift; path = AddTaskView.swift; sourceTree = "<group>"; };
		02CE0985236C409B00580D72 /* ISSAnotherCollectionViewCell.swift */ = {isa = PBXFileReference; lastKnownFileType = sourcecode.swift; path = ISSAnotherCollectionViewCell.swift; sourceTree = "<group>"; };
/* End PBXFileReference section */

/* Begin PBXFrameworksBuildPhase section */
		022838CF23699B9B002A1165 /* Frameworks */ = {
			isa = PBXFrameworksBuildPhase;
			buildActionMask = 2147483647;
			files = (
			);
			runOnlyForDeploymentPostprocessing = 0;
		};
/* End PBXFrameworksBuildPhase section */

/* Begin PBXGroup section */
		022838C923699B9A002A1165 = {
			isa = PBXGroup;
			children = (
				022838D423699B9B002A1165 /* Homework7_Trello */,
				022838D323699B9B002A1165 /* Products */,
			);
			sourceTree = "<group>";
		};
		022838D323699B9B002A1165 /* Products */ = {
			isa = PBXGroup;
			children = (
				022838D223699B9B002A1165 /* Homework7_Trello.app */,
			);
			name = Products;
			sourceTree = "<group>";
		};
		022838D423699B9B002A1165 /* Homework7_Trello */ = {
			isa = PBXGroup;
			children = (
				022838D523699B9B002A1165 /* AppDelegate.swift */,
				022838D723699B9B002A1165 /* ViewController.swift */,
				022838DC23699B9D002A1165 /* Assets.xcassets */,
				022838DE23699B9D002A1165 /* LaunchScreen.storyboard */,
				022838E123699B9D002A1165 /* Info.plist */,
				02CE0985236C409B00580D72 /* ISSAnotherCollectionViewCell.swift */,
				022838EA2369C326002A1165 /* ISSDeskCell.swift */,
				0240E303236EBD3700C9E264 /* Model.swift */,
				0240E305236F07B500C9E264 /* DragCoordinator.swift */,
				0240E309236F228500C9E264 /* AddTaskView.swift */,
			);
			path = Homework7_Trello;
			sourceTree = "<group>";
		};
/* End PBXGroup section */

/* Begin PBXNativeTarget section */
		022838D123699B9B002A1165 /* Homework7_Trello */ = {
			isa = PBXNativeTarget;
			buildConfigurationList = 022838E423699B9D002A1165 /* Build configuration list for PBXNativeTarget "Homework7_Trello" */;
			buildPhases = (
				022838CE23699B9B002A1165 /* Sources */,
				022838CF23699B9B002A1165 /* Frameworks */,
				022838D023699B9B002A1165 /* Resources */,
			);
			buildRules = (
			);
			dependencies = (
			);
			name = Homework7_Trello;
			productName = Homework7_Trello;
			productReference = 022838D223699B9B002A1165 /* Homework7_Trello.app */;
			productType = "com.apple.product-type.application";
		};
/* End PBXNativeTarget section */

/* Begin PBXProject section */
		022838CA23699B9A002A1165 /* Project object */ = {
			isa = PBXProject;
			attributes = {
				LastSwiftUpdateCheck = 1030;
				LastUpgradeCheck = 1030;
				ORGANIZATIONNAME = "Кирилл Афонин";
				TargetAttributes = {
					022838D123699B9B002A1165 = {
						CreatedOnToolsVersion = 10.3;
					};
				};
			};
			buildConfigurationList = 022838CD23699B9A002A1165 /* Build configuration list for PBXProject "Homework7_Trello" */;
			compatibilityVersion = "Xcode 9.3";
			developmentRegion = en;
			hasScannedForEncodings = 0;
			knownRegions = (
				en,
				Base,
			);
			mainGroup = 022838C923699B9A002A1165;
			productRefGroup = 022838D323699B9B002A1165 /* Products */;
			projectDirPath = "";
			projectRoot = "";
			targets = (
				022838D123699B9B002A1165 /* Homework7_Trello */,
			);
		};
/* End PBXProject section */

/* Begin PBXResourcesBuildPhase section */
		022838D023699B9B002A1165 /* Resources */ = {
			isa = PBXResourcesBuildPhase;
			buildActionMask = 2147483647;
			files = (
				022838E023699B9D002A1165 /* LaunchScreen.storyboard in Resources */,
				022838DD23699B9D002A1165 /* Assets.xcassets in Resources */,
			);
			runOnlyForDeploymentPostprocessing = 0;
		};
/* End PBXResourcesBuildPhase section */

/* Begin PBXSourcesBuildPhase section */
		022838CE23699B9B002A1165 /* Sources */ = {
			isa = PBXSourcesBuildPhase;
			buildActionMask = 2147483647;
			files = (
				0240E304236EBD3700C9E264 /* Model.swift in Sources */,
				0240E30A236F228500C9E264 /* AddTaskView.swift in Sources */,
				022838D823699B9B002A1165 /* ViewController.swift in Sources */,
				0240E306236F07B500C9E264 /* DragCoordinator.swift in Sources */,
				022838D623699B9B002A1165 /* AppDelegate.swift in Sources */,
				022838EB2369C326002A1165 /* ISSDeskCell.swift in Sources */,
				02CE0986236C409B00580D72 /* ISSAnotherCollectionViewCell.swift in Sources */,
			);
			runOnlyForDeploymentPostprocessing = 0;
		};
/* End PBXSourcesBuildPhase section */

/* Begin PBXVariantGroup section */
		022838DE23699B9D002A1165 /* LaunchScreen.storyboard */ = {
			isa = PBXVariantGroup;
			children = (
				022838DF23699B9D002A1165 /* Base */,
			);
			name = LaunchScreen.storyboard;
			sourceTree = "<group>";
		};
/* End PBXVariantGroup section */

/* Begin XCBuildConfiguration section */
		022838E223699B9D002A1165 /* Debug */ = {
			isa = XCBuildConfiguration;
			buildSettings = {
				ALWAYS_SEARCH_USER_PATHS = NO;
				CLANG_ANALYZER_NONNULL = YES;
				CLANG_ANALYZER_NUMBER_OBJECT_CONVERSION = YES_AGGRESSIVE;
				CLANG_CXX_LANGUAGE_STANDARD = "gnu++14";
				CLANG_CXX_LIBRARY = "libc++";
				CLANG_ENABLE_MODULES = YES;
				CLANG_ENABLE_OBJC_ARC = YES;
				CLANG_ENABLE_OBJC_WEAK = YES;
				CLANG_WARN_BLOCK_CAPTURE_AUTORELEASING = YES;
				CLANG_WARN_BOOL_CONVERSION = YES;
				CLANG_WARN_COMMA = YES;
				CLANG_WARN_CONSTANT_CONVERSION = YES;
				CLANG_WARN_DEPRECATED_OBJC_IMPLEMENTATIONS = YES;
				CLANG_WARN_DIRECT_OBJC_ISA_USAGE = YES_ERROR;
				CLANG_WARN_DOCUMENTATION_COMMENTS = YES;
				CLANG_WARN_EMPTY_BODY = YES;
				CLANG_WARN_ENUM_CONVERSION = YES;
				CLANG_WARN_INFINITE_RECURSION = YES;
				CLANG_WARN_INT_CONVERSION = YES;
				CLANG_WARN_NON_LITERAL_NULL_CONVERSION = YES;
				CLANG_WARN_OBJC_IMPLICIT_RETAIN_SELF = YES;
				CLANG_WARN_OBJC_LITERAL_CONVERSION = YES;
				CLANG_WARN_OBJC_ROOT_CLASS = YES_ERROR;
				CLANG_WARN_RANGE_LOOP_ANALYSIS = YES;
				CLANG_WARN_STRICT_PROTOTYPES = YES;
				CLANG_WARN_SUSPICIOUS_MOVE = YES;
				CLANG_WARN_UNGUARDED_AVAILABILITY = YES_AGGRESSIVE;
				CLANG_WARN_UNREACHABLE_CODE = YES;
				CLANG_WARN__DUPLICATE_METHOD_MATCH = YES;
				CODE_SIGN_IDENTITY = "iPhone Developer";
				COPY_PHASE_STRIP = NO;
				DEBUG_INFORMATION_FORMAT = dwarf;
				ENABLE_STRICT_OBJC_MSGSEND = YES;
				ENABLE_TESTABILITY = YES;
				GCC_C_LANGUAGE_STANDARD = gnu11;
				GCC_DYNAMIC_NO_PIC = NO;
				GCC_NO_COMMON_BLOCKS = YES;
				GCC_OPTIMIZATION_LEVEL = 0;
				GCC_PREPROCESSOR_DEFINITIONS = (
					"DEBUG=1",
					"$(inherited)",
				);
				GCC_WARN_64_TO_32_BIT_CONVERSION = YES;
				GCC_WARN_ABOUT_RETURN_TYPE = YES_ERROR;
				GCC_WARN_UNDECLARED_SELECTOR = YES;
				GCC_WARN_UNINITIALIZED_AUTOS = YES_AGGRESSIVE;
				GCC_WARN_UNUSED_FUNCTION = YES;
				GCC_WARN_UNUSED_VARIABLE = YES;
				IPHONEOS_DEPLOYMENT_TARGET = 12.4;
				MTL_ENABLE_DEBUG_INFO = INCLUDE_SOURCE;
				MTL_FAST_MATH = YES;
				ONLY_ACTIVE_ARCH = YES;
				SDKROOT = iphoneos;
				SWIFT_ACTIVE_COMPILATION_CONDITIONS = DEBUG;
				SWIFT_OPTIMIZATION_LEVEL = "-Onone";
			};
			name = Debug;
		};
		022838E323699B9D002A1165 /* Release */ = {
			isa = XCBuildConfiguration;
			buildSettings = {
				ALWAYS_SEARCH_USER_PATHS = NO;
				CLANG_ANALYZER_NONNULL = YES;
				CLANG_ANALYZER_NUMBER_OBJECT_CONVERSION = YES_AGGRESSIVE;
				CLANG_CXX_LANGUAGE_STANDARD = "gnu++14";
				CLANG_CXX_LIBRARY = "libc++";
				CLANG_ENABLE_MODULES = YES;
				CLANG_ENABLE_OBJC_ARC = YES;
				CLANG_ENABLE_OBJC_WEAK = YES;
				CLANG_WARN_BLOCK_CAPTURE_AUTORELEASING = YES;
				CLANG_WARN_BOOL_CONVERSION = YES;
				CLANG_WARN_COMMA = YES;
				CLANG_WARN_CONSTANT_CONVERSION = YES;
				CLANG_WARN_DEPRECATED_OBJC_IMPLEMENTATIONS = YES;
				CLANG_WARN_DIRECT_OBJC_ISA_USAGE = YES_ERROR;
				CLANG_WARN_DOCUMENTATION_COMMENTS = YES;
				CLANG_WARN_EMPTY_BODY = YES;
				CLANG_WARN_ENUM_CONVERSION = YES;
				CLANG_WARN_INFINITE_RECURSION = YES;
				CLANG_WARN_INT_CONVERSION = YES;
				CLANG_WARN_NON_LITERAL_NULL_CONVERSION = YES;
				CLANG_WARN_OBJC_IMPLICIT_RETAIN_SELF = YES;
				CLANG_WARN_OBJC_LITERAL_CONVERSION = YES;
				CLANG_WARN_OBJC_ROOT_CLASS = YES_ERROR;
				CLANG_WARN_RANGE_LOOP_ANALYSIS = YES;
				CLANG_WARN_STRICT_PROTOTYPES = YES;
				CLANG_WARN_SUSPICIOUS_MOVE = YES;
				CLANG_WARN_UNGUARDED_AVAILABILITY = YES_AGGRESSIVE;
				CLANG_WARN_UNREACHABLE_CODE = YES;
				CLANG_WARN__DUPLICATE_METHOD_MATCH = YES;
				CODE_SIGN_IDENTITY = "iPhone Developer";
				COPY_PHASE_STRIP = NO;
				DEBUG_INFORMATION_FORMAT = "dwarf-with-dsym";
				ENABLE_NS_ASSERTIONS = NO;
				ENABLE_STRICT_OBJC_MSGSEND = YES;
				GCC_C_LANGUAGE_STANDARD = gnu11;
				GCC_NO_COMMON_BLOCKS = YES;
				GCC_WARN_64_TO_32_BIT_CONVERSION = YES;
				GCC_WARN_ABOUT_RETURN_TYPE = YES_ERROR;
				GCC_WARN_UNDECLARED_SELECTOR = YES;
				GCC_WARN_UNINITIALIZED_AUTOS = YES_AGGRESSIVE;
				GCC_WARN_UNUSED_FUNCTION = YES;
				GCC_WARN_UNUSED_VARIABLE = YES;
				IPHONEOS_DEPLOYMENT_TARGET = 12.4;
				MTL_ENABLE_DEBUG_INFO = NO;
				MTL_FAST_MATH = YES;
				SDKROOT = iphoneos;
				SWIFT_COMPILATION_MODE = wholemodule;
				SWIFT_OPTIMIZATION_LEVEL = "-O";
				VALIDATE_PRODUCT = YES;
			};
			name = Release;
		};
		022838E523699B9D002A1165 /* Debug */ = {
			isa = XCBuildConfiguration;
			buildSettings = {
				ASSETCATALOG_COMPILER_APPICON_NAME = AppIcon;
				CODE_SIGN_STYLE = Automatic;
				DEVELOPMENT_TEAM = D5XUT7FZ7V;
				INFOPLIST_FILE = Homework7_Trello/Info.plist;
				LD_RUNPATH_SEARCH_PATHS = (
					"$(inherited)",
					"@executable_path/Frameworks",
				);
				PRODUCT_BUNDLE_IDENTIFIER = "krrl.Homework7-Trello";
				PRODUCT_NAME = "$(TARGET_NAME)";
				SWIFT_VERSION = 5.0;
				TARGETED_DEVICE_FAMILY = "1,2";
			};
			name = Debug;
		};
		022838E623699B9D002A1165 /* Release */ = {
			isa = XCBuildConfiguration;
			buildSettings = {
				ASSETCATALOG_COMPILER_APPICON_NAME = AppIcon;
				CODE_SIGN_STYLE = Automatic;
				DEVELOPMENT_TEAM = D5XUT7FZ7V;
				INFOPLIST_FILE = Homework7_Trello/Info.plist;
				LD_RUNPATH_SEARCH_PATHS = (
					"$(inherited)",
					"@executable_path/Frameworks",
				);
				PRODUCT_BUNDLE_IDENTIFIER = "krrl.Homework7-Trello";
				PRODUCT_NAME = "$(TARGET_NAME)";
				SWIFT_VERSION = 5.0;
				TARGETED_DEVICE_FAMILY = "1,2";
			};
			name = Release;
		};
/* End XCBuildConfiguration section */

/* Begin XCConfigurationList section */
		022838CD23699B9A002A1165 /* Build configuration list for PBXProject "Homework7_Trello" */ = {
			isa = XCConfigurationList;
			buildConfigurations = (
				022838E223699B9D002A1165 /* Debug */,
				022838E323699B9D002A1165 /* Release */,
			);
			defaultConfigurationIsVisible = 0;
			defaultConfigurationName = Release;
		};
		022838E423699B9D002A1165 /* Build configuration list for PBXNativeTarget "Homework7_Trello" */ = {
			isa = XCConfigurationList;
			buildConfigurations = (
				022838E523699B9D002A1165 /* Debug */,
				022838E623699B9D002A1165 /* Release */,
			);
			defaultConfigurationIsVisible = 0;
			defaultConfigurationName = Release;
		};
/* End XCConfigurationList section */
	};
	rootObject = 022838CA23699B9A002A1165 /* Project object */;
}
